
Microsoft Visual Studio Solution File, Format Version 12.00
# Visual Studio Version 17
VisualStudioVersion = 17.3.32804.467
MinimumVisualStudioVersion = 10.0.40219.1
Project("{00D1A9C2-B5F0-4AF3-8072-F6C62B433612}") = "CRM.Database", "CRM.Database\CRM.Database.sqlproj", "{6730E7F8-54D6-4D4E-94D8-7ABC8B53637A}"
EndProject
Project("{9A19103F-16F7-4668-BE54-9A1E7A4F7556}") = "CRM.API", "CRM.API\CRM.API.csproj", "{6F1471E0-EBF9-45CE-BD63-AC7B88DBAF9A}"
EndProject
Project("{9A19103F-16F7-4668-BE54-9A1E7A4F7556}") = "CRM.Domain", "CRM.Domain\CRM.Domain.csproj", "{107D1FCF-CCB7-4F6C-9198-9B97E2690905}"
EndProject
Project("{9A19103F-16F7-4668-BE54-9A1E7A4F7556}") = "CRM.Application", "CRM.Application\CRM.Application.csproj", "{DEC2B718-2B18-453D-A9B3-0177810AD4C3}"
EndProject
Project("{9A19103F-16F7-4668-BE54-9A1E7A4F7556}") = "CRM.Infrastructure", "CRM.Infrastructure\CRM.Infrastructure.csproj", "{E46874CD-036D-43E0-A2DB-185180361506}"
EndProject
Project("{2150E333-8FDC-42A3-9474-1A3956D46DE8}") = "API", "API", "{03F77900-4E87-4A11-AA81-6837E6DCB5A8}"
EndProject
Project("{2150E333-8FDC-42A3-9474-1A3956D46DE8}") = "Database", "Database", "{F220C413-610A-445F-A5FB-04723F4319E4}"
EndProject
Project("{2150E333-8FDC-42A3-9474-1A3956D46DE8}") = "UI", "UI", "{F8F3DF0E-31DB-4A3D-93A7-0554D41430F9}"
EndProject
Project("{FAE04EC0-301F-11D3-BF4B-00C04F79EFBC}") = "CRM.App", "CRM.App\CRM.App.csproj", "{20A5DDA4-9682-49D0-A9DE-3C81ADF3F2A0}"
EndProject
Global
	GlobalSection(SolutionConfigurationPlatforms) = preSolution
		Debug|Any CPU = Debug|Any CPU
		Release|Any CPU = Release|Any CPU
	EndGlobalSection
	GlobalSection(ProjectConfigurationPlatforms) = postSolution
		{6730E7F8-54D6-4D4E-94D8-7ABC8B53637A}.Debug|Any CPU.ActiveCfg = Debug|Any CPU
		{6730E7F8-54D6-4D4E-94D8-7ABC8B53637A}.Debug|Any CPU.Build.0 = Debug|Any CPU
		{6730E7F8-54D6-4D4E-94D8-7ABC8B53637A}.Debug|Any CPU.Deploy.0 = Debug|Any CPU
		{6730E7F8-54D6-4D4E-94D8-7ABC8B53637A}.Release|Any CPU.ActiveCfg = Release|Any CPU
		{6730E7F8-54D6-4D4E-94D8-7ABC8B53637A}.Release|Any CPU.Build.0 = Release|Any CPU
		{6730E7F8-54D6-4D4E-94D8-7ABC8B53637A}.Release|Any CPU.Deploy.0 = Release|Any CPU
		{6F1471E0-EBF9-45CE-BD63-AC7B88DBAF9A}.Debug|Any CPU.ActiveCfg = Debug|Any CPU
		{6F1471E0-EBF9-45CE-BD63-AC7B88DBAF9A}.Debug|Any CPU.Build.0 = Debug|Any CPU
		{6F1471E0-EBF9-45CE-BD63-AC7B88DBAF9A}.Release|Any CPU.ActiveCfg = Release|Any CPU
		{6F1471E0-EBF9-45CE-BD63-AC7B88DBAF9A}.Release|Any CPU.Build.0 = Release|Any CPU
		{107D1FCF-CCB7-4F6C-9198-9B97E2690905}.Debug|Any CPU.ActiveCfg = Debug|Any CPU
		{107D1FCF-CCB7-4F6C-9198-9B97E2690905}.Debug|Any CPU.Build.0 = Debug|Any CPU
		{107D1FCF-CCB7-4F6C-9198-9B97E2690905}.Release|Any CPU.ActiveCfg = Release|Any CPU
		{107D1FCF-CCB7-4F6C-9198-9B97E2690905}.Release|Any CPU.Build.0 = Release|Any CPU
		{DEC2B718-2B18-453D-A9B3-0177810AD4C3}.Debug|Any CPU.ActiveCfg = Debug|Any CPU
		{DEC2B718-2B18-453D-A9B3-0177810AD4C3}.Debug|Any CPU.Build.0 = Debug|Any CPU
		{DEC2B718-2B18-453D-A9B3-0177810AD4C3}.Release|Any CPU.ActiveCfg = Release|Any CPU
		{DEC2B718-2B18-453D-A9B3-0177810AD4C3}.Release|Any CPU.Build.0 = Release|Any CPU
		{E46874CD-036D-43E0-A2DB-185180361506}.Debug|Any CPU.ActiveCfg = Debug|Any CPU
		{E46874CD-036D-43E0-A2DB-185180361506}.Debug|Any CPU.Build.0 = Debug|Any CPU
		{E46874CD-036D-43E0-A2DB-185180361506}.Release|Any CPU.ActiveCfg = Release|Any CPU
		{E46874CD-036D-43E0-A2DB-185180361506}.Release|Any CPU.Build.0 = Release|Any CPU
		{20A5DDA4-9682-49D0-A9DE-3C81ADF3F2A0}.Debug|Any CPU.ActiveCfg = Debug|Any CPU
		{20A5DDA4-9682-49D0-A9DE-3C81ADF3F2A0}.Debug|Any CPU.Build.0 = Debug|Any CPU
		{20A5DDA4-9682-49D0-A9DE-3C81ADF3F2A0}.Release|Any CPU.ActiveCfg = Release|Any CPU
		{20A5DDA4-9682-49D0-A9DE-3C81ADF3F2A0}.Release|Any CPU.Build.0 = Release|Any CPU
	EndGlobalSection
	GlobalSection(SolutionProperties) = preSolution
		HideSolutionNode = FALSE
	EndGlobalSection
	GlobalSection(NestedProjects) = preSolution
		{6730E7F8-54D6-4D4E-94D8-7ABC8B53637A} = {F220C413-610A-445F-A5FB-04723F4319E4}
		{6F1471E0-EBF9-45CE-BD63-AC7B88DBAF9A} = {03F77900-4E87-4A11-AA81-6837E6DCB5A8}
		{107D1FCF-CCB7-4F6C-9198-9B97E2690905} = {03F77900-4E87-4A11-AA81-6837E6DCB5A8}
		{DEC2B718-2B18-453D-A9B3-0177810AD4C3} = {03F77900-4E87-4A11-AA81-6837E6DCB5A8}
		{E46874CD-036D-43E0-A2DB-185180361506} = {03F77900-4E87-4A11-AA81-6837E6DCB5A8}
		{20A5DDA4-9682-49D0-A9DE-3C81ADF3F2A0} = {F8F3DF0E-31DB-4A3D-93A7-0554D41430F9}
	EndGlobalSection
	GlobalSection(ExtensibilityGlobals) = postSolution
		SolutionGuid = {3550A5B5-C17C-4C97-B845-F930D623E722}
	EndGlobalSection
EndGlobal
